{
  "name": "@skenvy/collatz",
  "version": "0.0.1",
  "lockfileVersion": 2,
  "requires": true,
  "packages": {
    "": {
      "name": "@skenvy/collatz",
      "version": "0.0.1",
      "funding": [
        {
          "type": "GitHub Sponsors",
          "url": "https://github.com/sponsors/Skenvy"
        }
      ],
      "license": "Apache-2.0"
    }
  }
}
